
Microsoft Visual Studio Solution File, Format Version 12.00
# Visual Studio Version 17
VisualStudioVersion = 17.4.33403.182
MinimumVisualStudioVersion = 10.0.40219.1
Project("{FAE04EC0-301F-11D3-BF4B-00C04F79EFBC}") = "Snake and Ladder with 2 players", "Snake and Ladder with 2 players\Snake and Ladder with 2 players.csproj", "{EB50814C-433E-4FDB-B96F-06D1553F979B}"
EndProject
Global
	GlobalSection(SolutionConfigurationPlatforms) = preSolution
		Debug|Any CPU = Debug|Any CPU
		Release|Any CPU = Release|Any CPU
	EndGlobalSection
	GlobalSection(ProjectConfigurationPlatforms) = postSolution
		{EB50814C-433E-4FDB-B96F-06D1553F979B}.Debug|Any CPU.ActiveCfg = Debug|Any CPU
		{EB50814C-433E-4FDB-B96F-06D1553F979B}.Debug|Any CPU.Build.0 = Debug|Any CPU
		{EB50814C-433E-4FDB-B96F-06D1553F979B}.Release|Any CPU.ActiveCfg = Release|Any CPU
		{EB50814C-433E-4FDB-B96F-06D1553F979B}.Release|Any CPU.Build.0 = Release|Any CPU
	EndGlobalSection
	GlobalSection(SolutionProperties) = preSolution
		HideSolutionNode = FALSE
	EndGlobalSection
	GlobalSection(ExtensibilityGlobals) = postSolution
		SolutionGuid = {8A668CD8-3AB4-4384-9B3E-14C1DCBAC136}
	EndGlobalSection
EndGlobal
