
Microsoft Visual Studio Solution File, Format Version 12.00
# Visual Studio Version 17
VisualStudioVersion = 17.4.33403.182
MinimumVisualStudioVersion = 10.0.40219.1
Project("{FAE04EC0-301F-11D3-BF4B-00C04F79EFBC}") = "Snake and Ladder Report the no.'s of times die played", "Snake and Ladder Report the no.'s of times die played\Snake and Ladder Report the no.'s of times die played.csproj", "{94AAAB63-B883-4275-AF49-22A14A4625BA}"
EndProject
Global
	GlobalSection(SolutionConfigurationPlatforms) = preSolution
		Debug|Any CPU = Debug|Any CPU
		Release|Any CPU = Release|Any CPU
	EndGlobalSection
	GlobalSection(ProjectConfigurationPlatforms) = postSolution
		{94AAAB63-B883-4275-AF49-22A14A4625BA}.Debug|Any CPU.ActiveCfg = Debug|Any CPU
		{94AAAB63-B883-4275-AF49-22A14A4625BA}.Debug|Any CPU.Build.0 = Debug|Any CPU
		{94AAAB63-B883-4275-AF49-22A14A4625BA}.Release|Any CPU.ActiveCfg = Release|Any CPU
		{94AAAB63-B883-4275-AF49-22A14A4625BA}.Release|Any CPU.Build.0 = Release|Any CPU
	EndGlobalSection
	GlobalSection(SolutionProperties) = preSolution
		HideSolutionNode = FALSE
	EndGlobalSection
	GlobalSection(ExtensibilityGlobals) = postSolution
		SolutionGuid = {658639EC-D9C7-437E-829F-E8C264ACF696}
	EndGlobalSection
EndGlobal
